# Generated by conda-lock.
# platform: linux-64
# env_hash: e24a82cdc704e932f408460171bea316356fa884930b6a2f663d72db944f7eba
@EXPLICIT
https://conda.anaconda.org/conda-forge/linux-64/_libgcc_mutex-0.1-conda_forge.tar.bz2#d7c89558ba9fa0495403155b64376d81
https://conda.anaconda.org/conda-forge/linux-64/ca-certificates-2021.5.30-ha878542_0.tar.bz2#6a777890e94194dc94a29a76d2a7e721
https://conda.anaconda.org/conda-forge/linux-64/ld_impl_linux-64-2.36.1-hea4e1c9_2.tar.bz2#bd4f2e711b39af170e7ff15163fe87ee
https://conda.anaconda.org/conda-forge/linux-64/libgfortran5-11.1.0-h6c583b3_8.tar.bz2#478b6358c5d08b7e133a5da71c5c81bd
https://conda.anaconda.org/conda-forge/linux-64/libstdcxx-ng-11.1.0-h56837e0_8.tar.bz2#930957b6bff66cfd539ada080c5ca3e8
https://conda.anaconda.org/conda-forge/linux-64/pandoc-2.14.2-h7f98852_0.tar.bz2#036a4ef13793d1bd771090b49c4c2550
https://conda.anaconda.org/conda-forge/noarch/tzdata-2021a-he74cb21_1.tar.bz2#cc5690eb258c3706f754306f191da8d8
https://conda.anaconda.org/conda-forge/linux-64/libgfortran-ng-11.1.0-h69a702a_8.tar.bz2#7bacab270c077a054525e8afe29feaa9
https://conda.anaconda.org/conda-forge/linux-64/libgomp-11.1.0-hc902ee8_8.tar.bz2#f2dd961d1ae80d9d81b3d5068807f11b
https://conda.anaconda.org/conda-forge/linux-64/_openmp_mutex-4.5-1_gnu.tar.bz2#561e277319a41d4f24f5c05a9ef63c04
https://conda.anaconda.org/conda-forge/linux-64/libgcc-ng-11.1.0-hc902ee8_8.tar.bz2#da6221956ce8582d8e71acc16dfe4c3e
https://conda.anaconda.org/conda-forge/linux-64/gmp-6.2.1-h58526e2_0.tar.bz2#b94cf2db16066b242ebd26db2facbd56
https://conda.anaconda.org/conda-forge/linux-64/jbig-2.1-h7f98852_2003.tar.bz2#1aa0cee79792fa97b7ff4545110b60bf
https://conda.anaconda.org/conda-forge/linux-64/jpeg-9d-h36c2ea0_0.tar.bz2#ea02ce6037dbe81803ae6123e5ba1568
https://conda.anaconda.org/conda-forge/linux-64/lerc-2.2.1-h9c3ff4c_0.tar.bz2#ea833dcaeb9e7ac4fac521f1a7abec82
https://conda.anaconda.org/conda-forge/linux-64/libdeflate-1.7-h7f98852_5.tar.bz2#10e242842cd30c59c12d79371dc0f583
https://conda.anaconda.org/conda-forge/linux-64/libffi-3.3-h58526e2_2.tar.bz2#665369991d8dd290ac5ee92fce3e6bf5
https://conda.anaconda.org/conda-forge/linux-64/libopenblas-0.3.17-pthreads_h8fe5266_1.tar.bz2#7f96c04618e952e0f9d94d5e07545a71
https://conda.anaconda.org/conda-forge/linux-64/libsodium-1.0.18-h36c2ea0_1.tar.bz2#c3788462a6fbddafdb413a9f9053e58d
https://conda.anaconda.org/conda-forge/linux-64/libwebp-base-1.2.1-h7f98852_0.tar.bz2#90607c4c0247f04ec98b48997de71c1a
https://conda.anaconda.org/conda-forge/linux-64/lz4-c-1.9.3-h9c3ff4c_1.tar.bz2#fbe97e8fa6f275d7c76a09e795adc3e6
https://conda.anaconda.org/conda-forge/linux-64/ncurses-6.2-h58526e2_4.tar.bz2#509f2a21c4a09214cd737a480dfd80c9
https://conda.anaconda.org/conda-forge/linux-64/openssl-1.1.1k-h7f98852_1.tar.bz2#2e92f95fd202f92a2114d5d86ce4dd83
https://conda.anaconda.org/conda-forge/linux-64/xz-5.2.5-h516909a_1.tar.bz2#33f601066901f3e1a85af3522a8113f9
https://conda.anaconda.org/conda-forge/linux-64/yaml-0.2.5-h516909a_0.tar.bz2#03a530e925414902547cf48da7756db8
https://conda.anaconda.org/conda-forge/linux-64/zlib-1.2.11-h516909a_1010.tar.bz2#339cc5584e6d26bc73a875ba900028c3
https://conda.anaconda.org/conda-forge/linux-64/libblas-3.9.0-11_linux64_openblas.tar.bz2#b8a498e2cac5746b808d5961cb584a13
https://conda.anaconda.org/conda-forge/linux-64/libllvm10-10.0.1-he513fc3_3.tar.bz2#b1c57947b2a9231e0cd037ab0ed96b5d
https://conda.anaconda.org/conda-forge/linux-64/libpng-1.6.37-h21135ba_2.tar.bz2#b6acf807307d033d4b7e758b4f44b036
https://conda.anaconda.org/conda-forge/linux-64/mpfr-4.1.0-h9202a9a_1.tar.bz2#ea9ebeddb066da8fad4a815e61b139be
https://conda.anaconda.org/conda-forge/linux-64/readline-8.1-h46c0cb4_0.tar.bz2#5788de3c8d7a7d64ac56c784c4ef48e6
https://conda.anaconda.org/conda-forge/linux-64/tk-8.6.11-h21135ba_0.tar.bz2#17e20f2d8435ffa2831fb5e328219e04
https://conda.anaconda.org/conda-forge/linux-64/zeromq-4.3.4-h9c3ff4c_1.tar.bz2#21743a8d2ea0c8cfbbf8fe489b0347df
https://conda.anaconda.org/conda-forge/linux-64/zstd-1.5.0-ha95c52a_0.tar.bz2#b56f94865e2de36abf054e7bfa499034
https://conda.anaconda.org/conda-forge/linux-64/freetype-2.10.4-h0708190_1.tar.bz2#4a06f2ac2e5bfae7b6b245171c3f07aa
https://conda.anaconda.org/conda-forge/linux-64/libcblas-3.9.0-11_linux64_openblas.tar.bz2#59bf439337c9ec59297f701e4ee97e09
https://conda.anaconda.org/conda-forge/linux-64/liblapack-3.9.0-11_linux64_openblas.tar.bz2#00d3680586af1f0689398b080e273cbb
https://conda.anaconda.org/conda-forge/linux-64/libtiff-4.3.0-hf544144_1.tar.bz2#a65a4158716bd7d95bfa69bcfd83081c
https://conda.anaconda.org/conda-forge/linux-64/mpc-1.1.0-h04dde30_1009.tar.bz2#04a83b86c244fd8fe557a24e50b0028e
https://conda.anaconda.org/conda-forge/linux-64/sqlite-3.36.0-h9cd32fc_0.tar.bz2#d5bbac924cbda57469f43448d5236a50
https://conda.anaconda.org/conda-forge/linux-64/lcms2-2.12-hddcbb42_0.tar.bz2#797117394a4aa588de6d741b06fad80f
https://conda.anaconda.org/conda-forge/linux-64/openjpeg-2.4.0-hb52868f_1.tar.bz2#b7ad78ad2e9ee155f59e6428406ee824
https://conda.anaconda.org/conda-forge/linux-64/python-3.9.6-h49503c6_1_cpython.tar.bz2#3ef028f528fe6cae3a536acb5d31be7a
https://conda.anaconda.org/conda-forge/noarch/appdirs-1.4.4-pyh9f0ad1d_0.tar.bz2#5f095bc6454094e96f146491fd03633b
https://conda.anaconda.org/conda-forge/noarch/async_generator-1.10-py_0.tar.bz2#d56c596e61b1c4952acf0a9920856c12
https://conda.anaconda.org/conda-forge/noarch/attrs-21.2.0-pyhd8ed1ab_0.tar.bz2#d2e1c7f388ac403df7079b411c37cc50
https://conda.anaconda.org/conda-forge/noarch/backcall-0.2.0-pyh9f0ad1d_0.tar.bz2#6006a6d08a3fa99268a2681c7fb55213
https://conda.anaconda.org/conda-forge/noarch/backports-1.0-py_2.tar.bz2#0da16b293affa6ac31812376f8eb79dd
https://conda.anaconda.org/conda-forge/noarch/colorama-0.4.4-pyh9f0ad1d_0.tar.bz2#c08b4c1326b880ed44f3ffb04803332f
https://conda.anaconda.org/conda-forge/noarch/decorator-5.0.9-pyhd8ed1ab_0.tar.bz2#0ae9cca42e37b5ce6267c2a2b1383546
https://conda.anaconda.org/conda-forge/noarch/defusedxml-0.7.1-pyhd8ed1ab_0.tar.bz2#961b3a227b437d82ad7054484cfa71b2
https://conda.anaconda.org/conda-forge/noarch/entrypoints-0.3-pyhd8ed1ab_1003.tar.bz2#bbf9a201f6ce99a506f4955374d9a9f4
https://conda.anaconda.org/conda-forge/noarch/idna-3.1-pyhd3deb0d_0.tar.bz2#9c9aea4b8391264477df484f798562d0
https://conda.anaconda.org/conda-forge/noarch/iniconfig-1.1.1-pyh9f0ad1d_0.tar.bz2#39161f81cc5e5ca45b8226fbb06c6905
https://conda.anaconda.org/conda-forge/noarch/ipython_genutils-0.2.0-py_1.tar.bz2#5071c982548b3a20caf70462f04f5287
https://conda.anaconda.org/conda-forge/noarch/more-itertools-8.8.0-pyhd8ed1ab_0.tar.bz2#af8d3837f18d331839368bcb9f8cd3d9
https://conda.anaconda.org/conda-forge/noarch/mpmath-1.2.1-pyhd8ed1ab_0.tar.bz2#9b06ebbd24f7c60ba5a29117c528514e
https://conda.anaconda.org/conda-forge/noarch/nest-asyncio-1.5.1-pyhd8ed1ab_0.tar.bz2#47a51a5b8f9cc41004c8d7bd88b62447
https://conda.anaconda.org/conda-forge/noarch/olefile-0.46-pyh9f0ad1d_1.tar.bz2#0b2e68acc8c78c8cc392b90983481f58
https://conda.anaconda.org/conda-forge/noarch/pandocfilters-1.4.2-py_1.tar.bz2#ba6f4a308f1ea22abe1d72e72544af76
https://conda.anaconda.org/conda-forge/noarch/parso-0.8.2-pyhd8ed1ab_0.tar.bz2#fb40b157bd62b457a1cc82527b63f0b0
https://conda.anaconda.org/conda-forge/noarch/pickleshare-0.7.5-py_1003.tar.bz2#415f0ebb6198cc2801c73438a9fb5761
https://conda.anaconda.org/conda-forge/noarch/prometheus_client-0.11.0-pyhd8ed1ab_0.tar.bz2#01f530bf82d9f589c2087b8c347d5e29
https://conda.anaconda.org/conda-forge/noarch/ptyprocess-0.7.0-pyhd3deb0d_0.tar.bz2#359eeb6536da0e687af562ed265ec263
https://conda.anaconda.org/conda-forge/noarch/py-1.10.0-pyhd3deb0d_0.tar.bz2#88ca1328ecc79a070214aa24911bace8
https://conda.anaconda.org/conda-forge/noarch/pycparser-2.20-pyh9f0ad1d_2.tar.bz2#aa798d50ffd182a0f6f31478c7f434f6
https://conda.anaconda.org/conda-forge/noarch/pyee-7.0.4-pyh9f0ad1d_0.tar.bz2#7fd79c773a8f50e634d1b725629238b2
https://conda.anaconda.org/conda-forge/noarch/pyparsing-2.4.7-pyh9f0ad1d_0.tar.bz2#626c4f20d5bf06dcec9cf2eaa31725c7
https://conda.anaconda.org/conda-forge/linux-64/python_abi-3.9-2_cp39.tar.bz2#39adde4247484de2bb4000122fdcf665
https://conda.anaconda.org/conda-forge/noarch/pytz-2021.1-pyhd8ed1ab_0.tar.bz2#3af2e9424d5eb0063824a3f9b850d411
https://conda.anaconda.org/conda-forge/noarch/send2trash-1.8.0-pyhd8ed1ab_0.tar.bz2#edab14119efe85c3bf131ad747e9005c
https://conda.anaconda.org/conda-forge/noarch/six-1.16.0-pyh6c4a22f_0.tar.bz2#e5f25f8dbc060e9a8d912e432202afc2
https://conda.anaconda.org/conda-forge/noarch/tenacity-8.0.1-pyhd8ed1ab_0.tar.bz2#8b29b2c12cb21dbd057755e5fd22d005
https://conda.anaconda.org/conda-forge/noarch/testpath-0.5.0-pyhd8ed1ab_0.tar.bz2#53b57d6a468bebc7cef1253b177a5e9e
https://conda.anaconda.org/conda-forge/noarch/toml-0.10.2-pyhd8ed1ab_0.tar.bz2#f832c45a477c78bebd107098db465095
https://conda.anaconda.org/conda-forge/noarch/webencodings-0.5.1-py_1.tar.bz2#3563be4c5611a44210d9ba0c16113136
https://conda.anaconda.org/conda-forge/noarch/zipp-3.5.0-pyhd8ed1ab_0.tar.bz2#f9dd05a5ed6b81c91f097e3739107a74
https://conda.anaconda.org/conda-forge/linux-64/certifi-2021.5.30-py39hf3d152e_0.tar.bz2#7bbfaa3b8363bf8505d7f65e4e2e8a90
https://conda.anaconda.org/conda-forge/linux-64/cffi-1.14.6-py39he32792d_0.tar.bz2#826d864bbf3d58d730a49557d9c29b80
https://conda.anaconda.org/conda-forge/noarch/cycler-0.10.0-py_2.tar.bz2#f6d7c7e6d8f42cbbec7e07a8d879f91c
https://conda.anaconda.org/conda-forge/linux-64/debugpy-1.4.1-py39he80948d_0.tar.bz2#be6da332f0383972f000902f2edbaa9d
https://conda.anaconda.org/conda-forge/linux-64/gmpy2-2.1.0b5-py39h78fa15d_0.tar.bz2#798dd482c777592ae75373279c78a1f4
https://conda.anaconda.org/conda-forge/linux-64/importlib-metadata-4.8.0-py39hf3d152e_0.tar.bz2#1b8efff403d4563cc66440f0b2335299
https://conda.anaconda.org/conda-forge/linux-64/jedi-0.18.0-py39hf3d152e_2.tar.bz2#cb9b5c105fb10e59bf5a263880735235
https://conda.anaconda.org/conda-forge/linux-64/kiwisolver-1.3.2-py39h1a9c180_0.tar.bz2#7e33fd9028b22d14f299e610aa96779d
https://conda.anaconda.org/conda-forge/linux-64/llvmlite-0.36.0-py39h1bbdace_0.tar.bz2#3e984c80716bef5e6eeee46813d51393
https://conda.anaconda.org/conda-forge/linux-64/markupsafe-2.0.1-py39h3811e60_0.tar.bz2#9233d63cfb05aa6536ab9e253bee9507
https://conda.anaconda.org/conda-forge/linux-64/mistune-0.8.4-py39h3811e60_1004.tar.bz2#941e3eeb31c5edba5b6c573f3bf41fa3
https://conda.anaconda.org/conda-forge/linux-64/numpy-1.21.2-py39hdbf815f_0.tar.bz2#f65104b4a1006c61037e6a7a6aa0b72f
https://conda.anaconda.org/conda-forge/noarch/packaging-21.0-pyhd8ed1ab_0.tar.bz2#45cfb8e482b5cce8f07c87e0e19a592c
https://conda.anaconda.org/conda-forge/noarch/pexpect-4.8.0-pyh9f0ad1d_2.tar.bz2#5909e7b978141dd80d28dbf9de627827
https://conda.anaconda.org/conda-forge/linux-64/pillow-8.3.1-py39ha612740_0.tar.bz2#9a2a78dfdf3f42bc5f84b4f8ae7f8b9f
https://conda.anaconda.org/conda-forge/noarch/plotly-5.2.2-pyhd8ed1ab_0.tar.bz2#e9c284c6d4e36c96376d86ce151e1061
https://conda.anaconda.org/conda-forge/linux-64/pluggy-0.13.1-py39hf3d152e_4.tar.bz2#4d5bb60996f07fe6781efc7b476a7e2c
https://conda.anaconda.org/conda-forge/linux-64/pyrsistent-0.17.3-py39h3811e60_2.tar.bz2#4ec88cc4b941bc447fd97cadd76e32de
https://conda.anaconda.org/conda-forge/linux-64/pysocks-1.7.1-py39hf3d152e_3.tar.bz2#f7e7fdc66f2362bebc407f1ab7d10f63
https://conda.anaconda.org/conda-forge/noarch/python-dateutil-2.8.2-pyhd8ed1ab_0.tar.bz2#dd999d1cc9f79e67dbb855c8924c7984
https://conda.anaconda.org/conda-forge/linux-64/pyyaml-5.4.1-py39h3811e60_1.tar.bz2#5962965a723e43a09029b6976411bf0a
https://conda.anaconda.org/conda-forge/linux-64/pyzmq-22.2.1-py39h37b5a0c_0.tar.bz2#0005edf084b3d0f723e8960f1865d6d7
https://conda.anaconda.org/conda-forge/linux-64/setuptools-57.4.0-py39hf3d152e_0.tar.bz2#4d828bc72ded4e98ab78161ecf69e543
https://conda.anaconda.org/conda-forge/linux-64/tornado-6.1-py39h3811e60_1.tar.bz2#763597c8b91b69789ab0f6002439c32b
https://conda.anaconda.org/conda-forge/noarch/tqdm-4.62.2-pyhd8ed1ab_0.tar.bz2#129972a3ca8bb5abcf80f24ad2c12dae
https://conda.anaconda.org/conda-forge/noarch/traitlets-5.0.5-py_0.tar.bz2#99618ee9ab1323e40f231acdab92fe60
https://conda.anaconda.org/conda-forge/linux-64/websockets-8.1-py39h3811e60_3.tar.bz2#bbff047e2a180df5a0e68ddcbab3234c
https://conda.anaconda.org/conda-forge/linux-64/argon2-cffi-20.1.0-py39h3811e60_2.tar.bz2#9e69a6cedbffc71321daf4895b9db5bf
https://conda.anaconda.org/conda-forge/noarch/backports.functools_lru_cache-1.6.4-pyhd8ed1ab_0.tar.bz2#c5b3edc62d6309088f4970b3eaaa65a6
https://conda.anaconda.org/conda-forge/noarch/bleach-4.1.0-pyhd8ed1ab_0.tar.bz2#4a2104c7b22c222bd0fe03aaef12862c
https://conda.anaconda.org/conda-forge/linux-64/brotlipy-0.7.0-py39h3811e60_1001.tar.bz2#35ad78e61aec955783acfd00f3c6bcde
https://conda.anaconda.org/conda-forge/linux-64/cryptography-3.4.7-py39hbca0aa6_0.tar.bz2#04e97f7d5c60f75a36b1e4bdf3652ebd
https://conda.anaconda.org/conda-forge/noarch/jinja2-3.0.1-pyhd8ed1ab_0.tar.bz2#c647e77921fd3e245cdcc5b2d451a0f8
https://conda.anaconda.org/conda-forge/noarch/jsonschema-3.2.0-pyhd8ed1ab_3.tar.bz2#66125e28711d8ffc04a207a2b170316d
https://conda.anaconda.org/conda-forge/linux-64/jupyter_core-4.7.1-py39hf3d152e_0.tar.bz2#6bddb50072e5c769100295b967b7b212
https://conda.anaconda.org/conda-forge/linux-64/matplotlib-base-3.4.3-py39h2fa2bec_0.tar.bz2#70a59e74cb9c6e680b1580d19766cdc2
https://conda.anaconda.org/conda-forge/noarch/matplotlib-inline-0.1.2-pyhd8ed1ab_2.tar.bz2#0967e1db58b16e416464ca399f87df79
https://conda.anaconda.org/conda-forge/linux-64/numba-0.53.1-py39h56b8d98_1.tar.bz2#2b8674a6cb39ccd00833311aae90640e
https://conda.anaconda.org/conda-forge/linux-64/pandas-1.3.2-py39hde0f152_0.tar.bz2#5ebb4fba97768420888915d92c02c90c
https://conda.anaconda.org/conda-forge/linux-64/pyerfa-2.0.0-py39hce5d2b2_0.tar.bz2#15c60b3e57280a12395cff79cece68e7
https://conda.anaconda.org/conda-forge/noarch/pygments-2.10.0-pyhd8ed1ab_0.tar.bz2#32bcce837f1316f1c3208118b6c5e5fc
https://conda.anaconda.org/conda-forge/linux-64/pytest-6.2.4-py39hf3d152e_0.tar.bz2#9fd4e5f95830a66049d36b6ad2ce862b
https://conda.anaconda.org/conda-forge/linux-64/scipy-1.7.1-py39hee8e79c_0.tar.bz2#ad828d8a09ce2e3820b3fce0a3ac85ed
https://conda.anaconda.org/conda-forge/linux-64/sympy-1.8-py39hf3d152e_0.tar.bz2#f337a61790bccfe3f6b149a4503ea95a
https://conda.anaconda.org/conda-forge/linux-64/terminado-0.11.1-py39hf3d152e_0.tar.bz2#749d9c95d03ab88577f41794ca015e17
https://conda.anaconda.org/conda-forge/linux-64/astropy-4.3.1-py39hce5d2b2_0.tar.bz2#66c957a73f3ea9c9b2c80950807d289e
https://conda.anaconda.org/conda-forge/noarch/jupyter_client-7.0.1-pyhd8ed1ab_0.tar.bz2#a8c814b68d6f923fa76d0cdbd01bafe7
https://conda.anaconda.org/conda-forge/noarch/jupyterlab_pygments-0.1.2-pyh9f0ad1d_0.tar.bz2#2cbd910890bb328e8959246a1e16fac7
https://conda.anaconda.org/conda-forge/noarch/nbformat-5.1.3-pyhd8ed1ab_0.tar.bz2#bafa5df6d4f8db69a4d197b4657127e7
https://conda.anaconda.org/conda-forge/noarch/pyopenssl-20.0.1-pyhd8ed1ab_0.tar.bz2#92371c25994d0f5d28a01c1fb75ebf86
https://conda.anaconda.org/conda-forge/noarch/wcwidth-0.2.5-pyh9f0ad1d_2.tar.bz2#5266fcd697043c59621fda522b3d78ee
https://conda.anaconda.org/conda-forge/noarch/einsteinpy-0.3.1-pyhd8ed1ab_0.tar.bz2#937924af3ccc94eec32ac9d8ef9243ed
https://conda.anaconda.org/conda-forge/noarch/nbclient-0.5.4-pyhd8ed1ab_0.tar.bz2#66ea0ea89e4f657a8b85fa5bdfce60ac
https://conda.anaconda.org/conda-forge/noarch/prompt-toolkit-3.0.20-pyha770c72_0.tar.bz2#98a90e847b48fc14b2d5b12e4884e8d4
https://conda.anaconda.org/conda-forge/noarch/urllib3-1.26.6-pyhd8ed1ab_0.tar.bz2#dea5b6d93cfbfbc2a253168ad05b3f89
https://conda.anaconda.org/conda-forge/linux-64/ipython-7.27.0-py39hef51801_0.tar.bz2#22818b754594f2370c9cae3db5386f13
https://conda.anaconda.org/conda-forge/linux-64/nbconvert-6.1.0-py39hf3d152e_0.tar.bz2#219de8ad1b69d767ae18990b0a35ad50
https://conda.anaconda.org/conda-forge/noarch/pyppeteer-0.2.2-py_1.tar.bz2#9ff6c25d7306f62c2be718eea1d16c25
https://conda.anaconda.org/conda-forge/linux-64/ipykernel-6.2.0-py39hef51801_0.tar.bz2#46953dac9362e7f4ee6bf5d217e8f289
https://conda.anaconda.org/conda-forge/noarch/notebook-6.4.3-pyha770c72_0.tar.bz2#8839b1ff228b3f8ec735963b8eb9dec5
