# Generated by conda-lock.
# platform: osx-64
# env_hash: e4a3b7e5ad376692bb86f1adf524b7f07328a3669f95a128f65398864dc6eb46
@EXPLICIT
https://conda.anaconda.org/conda-forge/osx-64/ca-certificates-2021.5.30-h033912b_0.tar.bz2#2377a0c58b5ffe92d70b7bdcd833e8ff
https://conda.anaconda.org/conda-forge/osx-64/jbig-2.1-h0d85af4_2003.tar.bz2#4d76d11d3a256931926099498aa3565b
https://conda.anaconda.org/conda-forge/osx-64/jpeg-9d-hbcb3906_0.tar.bz2#ff6fba028f282f94ceb10597d58a56e8
https://conda.anaconda.org/conda-forge/osx-64/libcxx-12.0.1-habf9029_0.tar.bz2#49c188a7f9c7c9ddabafc80cc5625bb7
https://conda.anaconda.org/conda-forge/osx-64/libdeflate-1.7-h35c211d_5.tar.bz2#6608b6a46fd4555b5c83cda6171cc694
https://conda.anaconda.org/conda-forge/osx-64/libsodium-1.0.18-hbcb3906_1.tar.bz2#24632c09ed931af617fe6d5292919cab
https://conda.anaconda.org/conda-forge/osx-64/libwebp-base-1.2.1-h0d85af4_0.tar.bz2#8c6f05a6655b7911c62910343ba806d1
https://conda.anaconda.org/conda-forge/osx-64/llvm-openmp-12.0.1-hda6cdc1_1.tar.bz2#35b1fd6ed9f0f1c68583dc9c9f672513
https://conda.anaconda.org/conda-forge/osx-64/ncurses-6.2-h2e338ed_4.tar.bz2#9cef1910395d1543527583e73dba30f1
https://conda.anaconda.org/conda-forge/osx-64/pandoc-2.14.2-h0d85af4_0.tar.bz2#b6f58ad8350fb4b5630debe4f89dea0b
https://conda.anaconda.org/conda-forge/noarch/tzdata-2021a-he74cb21_1.tar.bz2#cc5690eb258c3706f754306f191da8d8
https://conda.anaconda.org/conda-forge/osx-64/xz-5.2.5-haf1e3a3_1.tar.bz2#41116deb499e9bc58048c297d6403ce6
https://conda.anaconda.org/conda-forge/osx-64/yaml-0.2.5-haf1e3a3_0.tar.bz2#84c2fc186995c25a43e86ed708065572
https://conda.anaconda.org/conda-forge/osx-64/zlib-1.2.11-h7795811_1010.tar.bz2#7d39e47e16ed0107f37c7224d5b5be8b
https://conda.anaconda.org/conda-forge/osx-64/gmp-6.2.1-h2e338ed_0.tar.bz2#dedc96914428dae572a39e69ee2a392f
https://conda.anaconda.org/conda-forge/osx-64/lerc-2.2.1-h046ec9c_0.tar.bz2#2b4abd282f644dc51225fa9b90218567
https://conda.anaconda.org/conda-forge/osx-64/libffi-3.3-h046ec9c_2.tar.bz2#c7a196accaf92d40985d5c9b4d14f9cb
https://conda.anaconda.org/conda-forge/osx-64/libgfortran5-9.3.0-h6c81a4c_23.tar.bz2#a6956ceb628b14594613cefee5127a7a
https://conda.anaconda.org/conda-forge/osx-64/libllvm10-10.0.1-h009f743_3.tar.bz2#cc65eb0b26253d2789320bfd661852f9
https://conda.anaconda.org/conda-forge/osx-64/libpng-1.6.37-h7cec526_2.tar.bz2#9e52521faba2b53269672628d34e1513
https://conda.anaconda.org/conda-forge/osx-64/lz4-c-1.9.3-he49afe7_1.tar.bz2#05c08241b66631c00ca4f9e0b75320bc
https://conda.anaconda.org/conda-forge/osx-64/openssl-1.1.1k-h0d85af4_1.tar.bz2#74d8c1e0196f2a556638d54be56debc8
https://conda.anaconda.org/conda-forge/osx-64/readline-8.1-h05e3726_0.tar.bz2#2832e9b6a7caa7cb192fcda6cfcd8871
https://conda.anaconda.org/conda-forge/osx-64/tk-8.6.11-hd798d34_0.tar.bz2#579405c0cc2780700a2fbe9778285bda
https://conda.anaconda.org/conda-forge/osx-64/zeromq-4.3.4-he49afe7_1.tar.bz2#1972d732b123ed04b60fd21e94f0b178
https://conda.anaconda.org/conda-forge/osx-64/freetype-2.10.4-h4cff582_1.tar.bz2#5a136a432c6062362cd7990c514bd8d6
https://conda.anaconda.org/conda-forge/osx-64/libgfortran-5.0.0-9_3_0_h6c81a4c_23.tar.bz2#60f48cef2d50674e0428c5579b6c3f66
https://conda.anaconda.org/conda-forge/osx-64/mpfr-4.1.0-h0f52abe_1.tar.bz2#afe26b08c2d2265b4d663d199000e5da
https://conda.anaconda.org/conda-forge/osx-64/sqlite-3.36.0-h23a322b_0.tar.bz2#6b6f868ab26da23c5a9b518799de901a
https://conda.anaconda.org/conda-forge/osx-64/zstd-1.5.0-h582d3a0_0.tar.bz2#96a04eeb0146059f0c2d63491f77d6d0
https://conda.anaconda.org/conda-forge/osx-64/libopenblas-0.3.17-openmp_h3351f45_1.tar.bz2#7bcb478878af05fa60697e809d7827aa
https://conda.anaconda.org/conda-forge/osx-64/libtiff-4.3.0-h1167814_1.tar.bz2#f189eeda45133c4f5cd73a8e7ebb7019
https://conda.anaconda.org/conda-forge/osx-64/mpc-1.1.0-ha57cd0f_1009.tar.bz2#e97438cea7c25b9906edf9525f580674
https://conda.anaconda.org/conda-forge/osx-64/python-3.9.6-hd187cdc_1_cpython.tar.bz2#886248054c0b072f06a689f952389548
https://conda.anaconda.org/conda-forge/noarch/appdirs-1.4.4-pyh9f0ad1d_0.tar.bz2#5f095bc6454094e96f146491fd03633b
https://conda.anaconda.org/conda-forge/noarch/async_generator-1.10-py_0.tar.bz2#d56c596e61b1c4952acf0a9920856c12
https://conda.anaconda.org/conda-forge/noarch/attrs-21.2.0-pyhd8ed1ab_0.tar.bz2#d2e1c7f388ac403df7079b411c37cc50
https://conda.anaconda.org/conda-forge/noarch/backcall-0.2.0-pyh9f0ad1d_0.tar.bz2#6006a6d08a3fa99268a2681c7fb55213
https://conda.anaconda.org/conda-forge/noarch/backports-1.0-py_2.tar.bz2#0da16b293affa6ac31812376f8eb79dd
https://conda.anaconda.org/conda-forge/noarch/colorama-0.4.4-pyh9f0ad1d_0.tar.bz2#c08b4c1326b880ed44f3ffb04803332f
https://conda.anaconda.org/conda-forge/noarch/decorator-5.0.9-pyhd8ed1ab_0.tar.bz2#0ae9cca42e37b5ce6267c2a2b1383546
https://conda.anaconda.org/conda-forge/noarch/defusedxml-0.7.1-pyhd8ed1ab_0.tar.bz2#961b3a227b437d82ad7054484cfa71b2
https://conda.anaconda.org/conda-forge/noarch/entrypoints-0.3-pyhd8ed1ab_1003.tar.bz2#bbf9a201f6ce99a506f4955374d9a9f4
https://conda.anaconda.org/conda-forge/noarch/idna-3.1-pyhd3deb0d_0.tar.bz2#9c9aea4b8391264477df484f798562d0
https://conda.anaconda.org/conda-forge/noarch/iniconfig-1.1.1-pyh9f0ad1d_0.tar.bz2#39161f81cc5e5ca45b8226fbb06c6905
https://conda.anaconda.org/conda-forge/noarch/ipython_genutils-0.2.0-py_1.tar.bz2#5071c982548b3a20caf70462f04f5287
https://conda.anaconda.org/conda-forge/osx-64/lcms2-2.12-h577c468_0.tar.bz2#abce77b852b73670e85e104746b0ea1b
https://conda.anaconda.org/conda-forge/osx-64/libblas-3.9.0-11_osx64_openblas.tar.bz2#2f9b6da86f6018deedf855ccb04893a5
https://conda.anaconda.org/conda-forge/noarch/more-itertools-8.8.0-pyhd8ed1ab_0.tar.bz2#af8d3837f18d331839368bcb9f8cd3d9
https://conda.anaconda.org/conda-forge/noarch/mpmath-1.2.1-pyhd8ed1ab_0.tar.bz2#9b06ebbd24f7c60ba5a29117c528514e
https://conda.anaconda.org/conda-forge/noarch/nest-asyncio-1.5.1-pyhd8ed1ab_0.tar.bz2#47a51a5b8f9cc41004c8d7bd88b62447
https://conda.anaconda.org/conda-forge/noarch/olefile-0.46-pyh9f0ad1d_1.tar.bz2#0b2e68acc8c78c8cc392b90983481f58
https://conda.anaconda.org/conda-forge/osx-64/openjpeg-2.4.0-h6e7aa92_1.tar.bz2#c8cbb6d99f6467246ac26a139256e50f
https://conda.anaconda.org/conda-forge/noarch/pandocfilters-1.4.2-py_1.tar.bz2#ba6f4a308f1ea22abe1d72e72544af76
https://conda.anaconda.org/conda-forge/noarch/parso-0.8.2-pyhd8ed1ab_0.tar.bz2#fb40b157bd62b457a1cc82527b63f0b0
https://conda.anaconda.org/conda-forge/noarch/pickleshare-0.7.5-py_1003.tar.bz2#415f0ebb6198cc2801c73438a9fb5761
https://conda.anaconda.org/conda-forge/noarch/prometheus_client-0.11.0-pyhd8ed1ab_0.tar.bz2#01f530bf82d9f589c2087b8c347d5e29
https://conda.anaconda.org/conda-forge/noarch/ptyprocess-0.7.0-pyhd3deb0d_0.tar.bz2#359eeb6536da0e687af562ed265ec263
https://conda.anaconda.org/conda-forge/noarch/py-1.10.0-pyhd3deb0d_0.tar.bz2#88ca1328ecc79a070214aa24911bace8
https://conda.anaconda.org/conda-forge/noarch/pycparser-2.20-pyh9f0ad1d_2.tar.bz2#aa798d50ffd182a0f6f31478c7f434f6
https://conda.anaconda.org/conda-forge/noarch/pyee-7.0.4-pyh9f0ad1d_0.tar.bz2#7fd79c773a8f50e634d1b725629238b2
https://conda.anaconda.org/conda-forge/noarch/pyparsing-2.4.7-pyh9f0ad1d_0.tar.bz2#626c4f20d5bf06dcec9cf2eaa31725c7
https://conda.anaconda.org/conda-forge/osx-64/python_abi-3.9-2_cp39.tar.bz2#262f557ee8ca777fe2190956038024cd
https://conda.anaconda.org/conda-forge/noarch/pytz-2021.1-pyhd8ed1ab_0.tar.bz2#3af2e9424d5eb0063824a3f9b850d411
https://conda.anaconda.org/conda-forge/noarch/send2trash-1.8.0-pyhd8ed1ab_0.tar.bz2#edab14119efe85c3bf131ad747e9005c
https://conda.anaconda.org/conda-forge/noarch/six-1.16.0-pyh6c4a22f_0.tar.bz2#e5f25f8dbc060e9a8d912e432202afc2
https://conda.anaconda.org/conda-forge/noarch/tenacity-8.0.1-pyhd8ed1ab_0.tar.bz2#8b29b2c12cb21dbd057755e5fd22d005
https://conda.anaconda.org/conda-forge/noarch/testpath-0.5.0-pyhd8ed1ab_0.tar.bz2#53b57d6a468bebc7cef1253b177a5e9e
https://conda.anaconda.org/conda-forge/noarch/toml-0.10.2-pyhd8ed1ab_0.tar.bz2#f832c45a477c78bebd107098db465095
https://conda.anaconda.org/conda-forge/noarch/webencodings-0.5.1-py_1.tar.bz2#3563be4c5611a44210d9ba0c16113136
https://conda.anaconda.org/conda-forge/noarch/zipp-3.5.0-pyhd8ed1ab_0.tar.bz2#f9dd05a5ed6b81c91f097e3739107a74
https://conda.anaconda.org/conda-forge/osx-64/appnope-0.1.2-py39h6e9494a_1.tar.bz2#d9b6464e55c4d9a7757c6294b8673400
https://conda.anaconda.org/conda-forge/osx-64/certifi-2021.5.30-py39h6e9494a_0.tar.bz2#f5946ac7fd793702380bfcb90a353a0f
https://conda.anaconda.org/conda-forge/osx-64/cffi-1.14.6-py39hb71fe58_0.tar.bz2#95812f42e02f34b69fef112a6111058e
https://conda.anaconda.org/conda-forge/noarch/cycler-0.10.0-py_2.tar.bz2#f6d7c7e6d8f42cbbec7e07a8d879f91c
https://conda.anaconda.org/conda-forge/osx-64/debugpy-1.4.1-py39h9fcab8e_0.tar.bz2#9493313c359d78a3d7c82697c4f5916b
https://conda.anaconda.org/conda-forge/osx-64/gmpy2-2.1.0b5-py39hab8a6df_0.tar.bz2#cf260c7155ece237efd514c2b86713b7
https://conda.anaconda.org/conda-forge/osx-64/importlib-metadata-4.8.0-py39h6e9494a_0.tar.bz2#8058da6a0a74661d2bf8587d5f6369ef
https://conda.anaconda.org/conda-forge/osx-64/jedi-0.18.0-py39h6e9494a_2.tar.bz2#e744e49642242ea6ab59b56d11df9466
https://conda.anaconda.org/conda-forge/osx-64/kiwisolver-1.3.2-py39hf018cea_0.tar.bz2#3b697488ee36335fb9a2b0cd5469dd0f
https://conda.anaconda.org/conda-forge/osx-64/libcblas-3.9.0-11_osx64_openblas.tar.bz2#c0378dd75e109b7a0b622e8d2a151dea
https://conda.anaconda.org/conda-forge/osx-64/liblapack-3.9.0-11_osx64_openblas.tar.bz2#6b296c0d990d973f20abb79078de9812
https://conda.anaconda.org/conda-forge/osx-64/llvmlite-0.36.0-py39h798a4f4_0.tar.bz2#8eceef66e7247bcd40df164d8f3c86d1
https://conda.anaconda.org/conda-forge/osx-64/markupsafe-2.0.1-py39h89e85a6_0.tar.bz2#573ebdf373782a914d363f58da4edf20
https://conda.anaconda.org/conda-forge/osx-64/mistune-0.8.4-py39h89e85a6_1004.tar.bz2#72b6344d22df075a39b79cff7c30dc7d
https://conda.anaconda.org/conda-forge/noarch/packaging-21.0-pyhd8ed1ab_0.tar.bz2#45cfb8e482b5cce8f07c87e0e19a592c
https://conda.anaconda.org/conda-forge/noarch/pexpect-4.8.0-pyh9f0ad1d_2.tar.bz2#5909e7b978141dd80d28dbf9de627827
https://conda.anaconda.org/conda-forge/osx-64/pillow-8.3.1-py39he9bb72f_0.tar.bz2#a382fbd9c4978319503ec63668528929
https://conda.anaconda.org/conda-forge/noarch/plotly-5.2.2-pyhd8ed1ab_0.tar.bz2#e9c284c6d4e36c96376d86ce151e1061
https://conda.anaconda.org/conda-forge/osx-64/pluggy-0.13.1-py39h6e9494a_4.tar.bz2#cd205b8907ea7d025d3c4ef61a3fdb84
https://conda.anaconda.org/conda-forge/osx-64/pyrsistent-0.17.3-py39h89e85a6_2.tar.bz2#5be6b878edc3dee9c997675af8de1370
https://conda.anaconda.org/conda-forge/osx-64/pysocks-1.7.1-py39h6e9494a_3.tar.bz2#9badaee0fe9f61aa4794987f88e543fe
https://conda.anaconda.org/conda-forge/noarch/python-dateutil-2.8.2-pyhd8ed1ab_0.tar.bz2#dd999d1cc9f79e67dbb855c8924c7984
https://conda.anaconda.org/conda-forge/osx-64/pyyaml-5.4.1-py39h89e85a6_1.tar.bz2#3f2af9aea70f43c6d6693e647795796e
https://conda.anaconda.org/conda-forge/osx-64/pyzmq-22.2.1-py39h7fec2f1_0.tar.bz2#a2b865808c11e4f73f8342741bd41888
https://conda.anaconda.org/conda-forge/osx-64/setuptools-57.4.0-py39h6e9494a_0.tar.bz2#c06575bf3d6505465970129f4a22817d
https://conda.anaconda.org/conda-forge/osx-64/tornado-6.1-py39h89e85a6_1.tar.bz2#1850c930b8e1e47f50d287c86c53e714
https://conda.anaconda.org/conda-forge/noarch/tqdm-4.62.2-pyhd8ed1ab_0.tar.bz2#129972a3ca8bb5abcf80f24ad2c12dae
https://conda.anaconda.org/conda-forge/noarch/traitlets-5.0.5-py_0.tar.bz2#99618ee9ab1323e40f231acdab92fe60
https://conda.anaconda.org/conda-forge/osx-64/websockets-8.1-py39hcbf5805_3.tar.bz2#571f8d26e961692c34a800b0a8fd50b1
https://conda.anaconda.org/conda-forge/osx-64/argon2-cffi-20.1.0-py39h89e85a6_2.tar.bz2#58108ce872e23aca366c01daa04236d7
https://conda.anaconda.org/conda-forge/noarch/backports.functools_lru_cache-1.6.4-pyhd8ed1ab_0.tar.bz2#c5b3edc62d6309088f4970b3eaaa65a6
https://conda.anaconda.org/conda-forge/noarch/bleach-4.1.0-pyhd8ed1ab_0.tar.bz2#4a2104c7b22c222bd0fe03aaef12862c
https://conda.anaconda.org/conda-forge/osx-64/brotlipy-0.7.0-py39h89e85a6_1001.tar.bz2#5d6ca17baad072799574678334840c4d
https://conda.anaconda.org/conda-forge/osx-64/cryptography-3.4.7-py39ha2c9959_0.tar.bz2#2c4542d3abca07b2b7263e15c85917db
https://conda.anaconda.org/conda-forge/noarch/jinja2-3.0.1-pyhd8ed1ab_0.tar.bz2#c647e77921fd3e245cdcc5b2d451a0f8
https://conda.anaconda.org/conda-forge/noarch/jsonschema-3.2.0-pyhd8ed1ab_3.tar.bz2#66125e28711d8ffc04a207a2b170316d
https://conda.anaconda.org/conda-forge/osx-64/jupyter_core-4.7.1-py39h6e9494a_0.tar.bz2#a8ffa3668c29198baa6a6d42cce93f81
https://conda.anaconda.org/conda-forge/noarch/matplotlib-inline-0.1.2-pyhd8ed1ab_2.tar.bz2#0967e1db58b16e416464ca399f87df79
https://conda.anaconda.org/conda-forge/osx-64/numpy-1.21.2-py39h7eed0ac_0.tar.bz2#d460f332a4d13cd2194eef96720f0030
https://conda.anaconda.org/conda-forge/noarch/pygments-2.10.0-pyhd8ed1ab_0.tar.bz2#32bcce837f1316f1c3208118b6c5e5fc
https://conda.anaconda.org/conda-forge/osx-64/pytest-6.2.4-py39h6e9494a_0.tar.bz2#8ebc4f66c7171fca4823f329d9b776e1
https://conda.anaconda.org/conda-forge/osx-64/sympy-1.8-py39h6e9494a_0.tar.bz2#45f2bf784f7638840ef2725aebdf96a6
https://conda.anaconda.org/conda-forge/osx-64/terminado-0.11.1-py39h6e9494a_0.tar.bz2#df2dee5e5a63daf0b7ab5d342c041cb2
https://conda.anaconda.org/conda-forge/noarch/jupyter_client-7.0.1-pyhd8ed1ab_0.tar.bz2#a8c814b68d6f923fa76d0cdbd01bafe7
https://conda.anaconda.org/conda-forge/noarch/jupyterlab_pygments-0.1.2-pyh9f0ad1d_0.tar.bz2#2cbd910890bb328e8959246a1e16fac7
https://conda.anaconda.org/conda-forge/osx-64/matplotlib-base-3.4.3-py39hb07454d_0.tar.bz2#bb326c96eddccf74ff8717c9c813a5de
https://conda.anaconda.org/conda-forge/noarch/nbformat-5.1.3-pyhd8ed1ab_0.tar.bz2#bafa5df6d4f8db69a4d197b4657127e7
https://conda.anaconda.org/conda-forge/osx-64/numba-0.53.1-py39h32e38f5_1.tar.bz2#bfb641e82596ed0b14e2205c9ec7c4d9
https://conda.anaconda.org/conda-forge/osx-64/pandas-1.3.2-py39h4d6be9b_0.tar.bz2#78413fdb57ad96559495ec7fa864b467
https://conda.anaconda.org/conda-forge/osx-64/pyerfa-2.0.0-py39hc89836e_0.tar.bz2#baf774c76a9badd7a2ecd4e9fe14dc23
https://conda.anaconda.org/conda-forge/noarch/pyopenssl-20.0.1-pyhd8ed1ab_0.tar.bz2#92371c25994d0f5d28a01c1fb75ebf86
https://conda.anaconda.org/conda-forge/osx-64/scipy-1.7.1-py39h056f1c0_0.tar.bz2#f896290de75576787a55ddd1dce19d84
https://conda.anaconda.org/conda-forge/noarch/wcwidth-0.2.5-pyh9f0ad1d_2.tar.bz2#5266fcd697043c59621fda522b3d78ee
https://conda.anaconda.org/conda-forge/osx-64/astropy-4.3.1-py39hc89836e_0.tar.bz2#d3751c3d7861bc7809dbe6fb2bc1ee8f
https://conda.anaconda.org/conda-forge/noarch/nbclient-0.5.4-pyhd8ed1ab_0.tar.bz2#66ea0ea89e4f657a8b85fa5bdfce60ac
https://conda.anaconda.org/conda-forge/noarch/prompt-toolkit-3.0.20-pyha770c72_0.tar.bz2#98a90e847b48fc14b2d5b12e4884e8d4
https://conda.anaconda.org/conda-forge/noarch/urllib3-1.26.6-pyhd8ed1ab_0.tar.bz2#dea5b6d93cfbfbc2a253168ad05b3f89
https://conda.anaconda.org/conda-forge/noarch/einsteinpy-0.3.1-pyhd8ed1ab_0.tar.bz2#937924af3ccc94eec32ac9d8ef9243ed
https://conda.anaconda.org/conda-forge/osx-64/ipython-7.27.0-py39h71a6800_0.tar.bz2#b2dd443a545e9a9feb317e9d6d334923
https://conda.anaconda.org/conda-forge/osx-64/nbconvert-6.1.0-py39h6e9494a_0.tar.bz2#79b09495a9f14e1e7906b724066c5fad
https://conda.anaconda.org/conda-forge/noarch/pyppeteer-0.2.2-py_1.tar.bz2#9ff6c25d7306f62c2be718eea1d16c25
https://conda.anaconda.org/conda-forge/osx-64/ipykernel-6.2.0-py39h71a6800_0.tar.bz2#2f0638081f5c53fe968b7a270fc4eafe
https://conda.anaconda.org/conda-forge/noarch/notebook-6.4.3-pyha770c72_0.tar.bz2#8839b1ff228b3f8ec735963b8eb9dec5
